
Microsoft Visual Studio Solution File, Format Version 12.00
# Visual Studio 14
VisualStudioVersion = 14.0.25420.1
MinimumVisualStudioVersion = 10.0.40219.1
Project("{FAE04EC0-301F-11D3-BF4B-00C04F79EFBC}") = "FakeUp", "FakeUp\FakeUp.csproj", "{FA414A2C-E30D-4F58-A280-0BD658E36BD3}"
EndProject
Project("{FAE04EC0-301F-11D3-BF4B-00C04F79EFBC}") = "FakeUp.Tests", "FakeUp.Tests\FakeUp.Tests.csproj", "{B4A9FDB4-4502-4BC6-BB95-EA36C67B6C1A}"
EndProject
Global
	GlobalSection(SolutionConfigurationPlatforms) = preSolution
		Debug|Any CPU = Debug|Any CPU
		Release|Any CPU = Release|Any CPU
	EndGlobalSection
	GlobalSection(ProjectConfigurationPlatforms) = postSolution
		{FA414A2C-E30D-4F58-A280-0BD658E36BD3}.Debug|Any CPU.ActiveCfg = Debug|Any CPU
		{FA414A2C-E30D-4F58-A280-0BD658E36BD3}.Debug|Any CPU.Build.0 = Debug|Any CPU
		{FA414A2C-E30D-4F58-A280-0BD658E36BD3}.Release|Any CPU.ActiveCfg = Release|Any CPU
		{FA414A2C-E30D-4F58-A280-0BD658E36BD3}.Release|Any CPU.Build.0 = Release|Any CPU
		{B4A9FDB4-4502-4BC6-BB95-EA36C67B6C1A}.Debug|Any CPU.ActiveCfg = Debug|Any CPU
		{B4A9FDB4-4502-4BC6-BB95-EA36C67B6C1A}.Debug|Any CPU.Build.0 = Debug|Any CPU
		{B4A9FDB4-4502-4BC6-BB95-EA36C67B6C1A}.Release|Any CPU.ActiveCfg = Release|Any CPU
		{B4A9FDB4-4502-4BC6-BB95-EA36C67B6C1A}.Release|Any CPU.Build.0 = Release|Any CPU
	EndGlobalSection
	GlobalSection(SolutionProperties) = preSolution
		HideSolutionNode = FALSE
	EndGlobalSection
EndGlobal
